
Microsoft Visual Studio Solution File, Format Version 12.00
# Visual Studio 15
VisualStudioVersion = 15.0.26124.0
MinimumVisualStudioVersion = 15.0.26124.0
Project("{FAE04EC0-301F-11D3-BF4B-00C04F79EFBC}") = "Web", "Web\Web.csproj", "{623DE2AA-468C-4611-9949-854BE9E9013D}"
EndProject
Project("{FAE04EC0-301F-11D3-BF4B-00C04F79EFBC}") = "Core", "Core\Core.csproj", "{A871E022-0B7C-4B4C-BFDA-5AE2B648F268}"
EndProject
Project("{2150E333-8FDC-42A3-9474-1A3956D46DE8}") = "deployment", "deployment", "{716538A5-8BB5-4526-9F18-B7AD091EBCEC}"
EndProject
Project("{2150E333-8FDC-42A3-9474-1A3956D46DE8}") = "node_modules", "node_modules", "{8FB2621E-9E90-4B8B-895B-958A223A451D}"
EndProject
Project("{2150E333-8FDC-42A3-9474-1A3956D46DE8}") = "aws-cdk", "aws-cdk", "{D70A2233-A7B9-44F7-BDF8-78F9C4BAE2EE}"
EndProject
Project("{2150E333-8FDC-42A3-9474-1A3956D46DE8}") = "lib", "lib", "{4403F539-5053-4DBA-B9F3-EF7A89FE614E}"
EndProject
Project("{2150E333-8FDC-42A3-9474-1A3956D46DE8}") = "init-templates", "init-templates", "{ACE4F376-A2A6-4F39-967D-56F86280812B}"
EndProject
Project("{2150E333-8FDC-42A3-9474-1A3956D46DE8}") = "app", "app", "{3AEE5F82-5CF4-4F9B-B82B-6F0D785220F8}"
EndProject
Project("{2150E333-8FDC-42A3-9474-1A3956D46DE8}") = "csharp", "csharp", "{D7EC01A3-290D-42F2-B888-25AEC6F592DF}"
EndProject
Project("{2150E333-8FDC-42A3-9474-1A3956D46DE8}") = "src", "src", "{BD6336AF-1C8A-47D2-B3F2-AA4C7BB9D72C}"
EndProject
Project("{FAE04EC0-301F-11D3-BF4B-00C04F79EFBC}") = "%name.PascalCased%.template", "deployment\node_modules\aws-cdk\lib\init-templates\app\csharp\src\%name.PascalCased%\%name.PascalCased%.template.csproj", "{7B5EEC80-1E51-4E44-A322-E179DFA46165}"
EndProject
Project("{2150E333-8FDC-42A3-9474-1A3956D46DE8}") = "sample-app", "sample-app", "{155C22B3-ABD4-454E-A5A2-B3B7C0999DF8}"
EndProject
Project("{2150E333-8FDC-42A3-9474-1A3956D46DE8}") = "csharp", "csharp", "{E46A26E2-7B3E-4BBB-8621-F0E4A6F04AA3}"
EndProject
Project("{2150E333-8FDC-42A3-9474-1A3956D46DE8}") = "src", "src", "{9D71ACE8-6B40-4EA6-86CB-D00759AFEE9D}"
EndProject
Project("{FAE04EC0-301F-11D3-BF4B-00C04F79EFBC}") = "%name.PascalCased%.template", "deployment\node_modules\aws-cdk\lib\init-templates\sample-app\csharp\src\%name.PascalCased%\%name.PascalCased%.template.csproj", "{3FBA4CDB-22E4-4E62-B255-88A538C20E83}"
EndProject
Global
	GlobalSection(SolutionConfigurationPlatforms) = preSolution
		Debug|Any CPU = Debug|Any CPU
		Debug|x64 = Debug|x64
		Debug|x86 = Debug|x86
		Release|Any CPU = Release|Any CPU
		Release|x64 = Release|x64
		Release|x86 = Release|x86
	EndGlobalSection
	GlobalSection(SolutionProperties) = preSolution
		HideSolutionNode = FALSE
	EndGlobalSection
	GlobalSection(ProjectConfigurationPlatforms) = postSolution
		{623DE2AA-468C-4611-9949-854BE9E9013D}.Debug|Any CPU.ActiveCfg = Debug|Any CPU
		{623DE2AA-468C-4611-9949-854BE9E9013D}.Debug|Any CPU.Build.0 = Debug|Any CPU
		{623DE2AA-468C-4611-9949-854BE9E9013D}.Debug|x64.ActiveCfg = Debug|Any CPU
		{623DE2AA-468C-4611-9949-854BE9E9013D}.Debug|x64.Build.0 = Debug|Any CPU
		{623DE2AA-468C-4611-9949-854BE9E9013D}.Debug|x86.ActiveCfg = Debug|Any CPU
		{623DE2AA-468C-4611-9949-854BE9E9013D}.Debug|x86.Build.0 = Debug|Any CPU
		{623DE2AA-468C-4611-9949-854BE9E9013D}.Release|Any CPU.ActiveCfg = Release|Any CPU
		{623DE2AA-468C-4611-9949-854BE9E9013D}.Release|Any CPU.Build.0 = Release|Any CPU
		{623DE2AA-468C-4611-9949-854BE9E9013D}.Release|x64.ActiveCfg = Release|Any CPU
		{623DE2AA-468C-4611-9949-854BE9E9013D}.Release|x64.Build.0 = Release|Any CPU
		{623DE2AA-468C-4611-9949-854BE9E9013D}.Release|x86.ActiveCfg = Release|Any CPU
		{623DE2AA-468C-4611-9949-854BE9E9013D}.Release|x86.Build.0 = Release|Any CPU
		{A871E022-0B7C-4B4C-BFDA-5AE2B648F268}.Debug|Any CPU.ActiveCfg = Debug|Any CPU
		{A871E022-0B7C-4B4C-BFDA-5AE2B648F268}.Debug|Any CPU.Build.0 = Debug|Any CPU
		{A871E022-0B7C-4B4C-BFDA-5AE2B648F268}.Debug|x64.ActiveCfg = Debug|Any CPU
		{A871E022-0B7C-4B4C-BFDA-5AE2B648F268}.Debug|x64.Build.0 = Debug|Any CPU
		{A871E022-0B7C-4B4C-BFDA-5AE2B648F268}.Debug|x86.ActiveCfg = Debug|Any CPU
		{A871E022-0B7C-4B4C-BFDA-5AE2B648F268}.Debug|x86.Build.0 = Debug|Any CPU
		{A871E022-0B7C-4B4C-BFDA-5AE2B648F268}.Release|Any CPU.ActiveCfg = Release|Any CPU
		{A871E022-0B7C-4B4C-BFDA-5AE2B648F268}.Release|Any CPU.Build.0 = Release|Any CPU
		{A871E022-0B7C-4B4C-BFDA-5AE2B648F268}.Release|x64.ActiveCfg = Release|Any CPU
		{A871E022-0B7C-4B4C-BFDA-5AE2B648F268}.Release|x64.Build.0 = Release|Any CPU
		{A871E022-0B7C-4B4C-BFDA-5AE2B648F268}.Release|x86.ActiveCfg = Release|Any CPU
		{A871E022-0B7C-4B4C-BFDA-5AE2B648F268}.Release|x86.Build.0 = Release|Any CPU
		{7B5EEC80-1E51-4E44-A322-E179DFA46165}.Debug|Any CPU.ActiveCfg = Debug|Any CPU
		{7B5EEC80-1E51-4E44-A322-E179DFA46165}.Debug|Any CPU.Build.0 = Debug|Any CPU
		{7B5EEC80-1E51-4E44-A322-E179DFA46165}.Debug|x64.ActiveCfg = Debug|Any CPU
		{7B5EEC80-1E51-4E44-A322-E179DFA46165}.Debug|x64.Build.0 = Debug|Any CPU
		{7B5EEC80-1E51-4E44-A322-E179DFA46165}.Debug|x86.ActiveCfg = Debug|Any CPU
		{7B5EEC80-1E51-4E44-A322-E179DFA46165}.Debug|x86.Build.0 = Debug|Any CPU
		{7B5EEC80-1E51-4E44-A322-E179DFA46165}.Release|Any CPU.ActiveCfg = Release|Any CPU
		{7B5EEC80-1E51-4E44-A322-E179DFA46165}.Release|Any CPU.Build.0 = Release|Any CPU
		{7B5EEC80-1E51-4E44-A322-E179DFA46165}.Release|x64.ActiveCfg = Release|Any CPU
		{7B5EEC80-1E51-4E44-A322-E179DFA46165}.Release|x64.Build.0 = Release|Any CPU
		{7B5EEC80-1E51-4E44-A322-E179DFA46165}.Release|x86.ActiveCfg = Release|Any CPU
		{7B5EEC80-1E51-4E44-A322-E179DFA46165}.Release|x86.Build.0 = Release|Any CPU
		{3FBA4CDB-22E4-4E62-B255-88A538C20E83}.Debug|Any CPU.ActiveCfg = Debug|Any CPU
		{3FBA4CDB-22E4-4E62-B255-88A538C20E83}.Debug|Any CPU.Build.0 = Debug|Any CPU
		{3FBA4CDB-22E4-4E62-B255-88A538C20E83}.Debug|x64.ActiveCfg = Debug|Any CPU
		{3FBA4CDB-22E4-4E62-B255-88A538C20E83}.Debug|x64.Build.0 = Debug|Any CPU
		{3FBA4CDB-22E4-4E62-B255-88A538C20E83}.Debug|x86.ActiveCfg = Debug|Any CPU
		{3FBA4CDB-22E4-4E62-B255-88A538C20E83}.Debug|x86.Build.0 = Debug|Any CPU
		{3FBA4CDB-22E4-4E62-B255-88A538C20E83}.Release|Any CPU.ActiveCfg = Release|Any CPU
		{3FBA4CDB-22E4-4E62-B255-88A538C20E83}.Release|Any CPU.Build.0 = Release|Any CPU
		{3FBA4CDB-22E4-4E62-B255-88A538C20E83}.Release|x64.ActiveCfg = Release|Any CPU
		{3FBA4CDB-22E4-4E62-B255-88A538C20E83}.Release|x64.Build.0 = Release|Any CPU
		{3FBA4CDB-22E4-4E62-B255-88A538C20E83}.Release|x86.ActiveCfg = Release|Any CPU
		{3FBA4CDB-22E4-4E62-B255-88A538C20E83}.Release|x86.Build.0 = Release|Any CPU
	EndGlobalSection
	GlobalSection(NestedProjects) = preSolution
		{8FB2621E-9E90-4B8B-895B-958A223A451D} = {716538A5-8BB5-4526-9F18-B7AD091EBCEC}
		{D70A2233-A7B9-44F7-BDF8-78F9C4BAE2EE} = {8FB2621E-9E90-4B8B-895B-958A223A451D}
		{4403F539-5053-4DBA-B9F3-EF7A89FE614E} = {D70A2233-A7B9-44F7-BDF8-78F9C4BAE2EE}
		{ACE4F376-A2A6-4F39-967D-56F86280812B} = {4403F539-5053-4DBA-B9F3-EF7A89FE614E}
		{3AEE5F82-5CF4-4F9B-B82B-6F0D785220F8} = {ACE4F376-A2A6-4F39-967D-56F86280812B}
		{D7EC01A3-290D-42F2-B888-25AEC6F592DF} = {3AEE5F82-5CF4-4F9B-B82B-6F0D785220F8}
		{BD6336AF-1C8A-47D2-B3F2-AA4C7BB9D72C} = {D7EC01A3-290D-42F2-B888-25AEC6F592DF}
		{7B5EEC80-1E51-4E44-A322-E179DFA46165} = {BD6336AF-1C8A-47D2-B3F2-AA4C7BB9D72C}
		{155C22B3-ABD4-454E-A5A2-B3B7C0999DF8} = {ACE4F376-A2A6-4F39-967D-56F86280812B}
		{E46A26E2-7B3E-4BBB-8621-F0E4A6F04AA3} = {155C22B3-ABD4-454E-A5A2-B3B7C0999DF8}
		{9D71ACE8-6B40-4EA6-86CB-D00759AFEE9D} = {E46A26E2-7B3E-4BBB-8621-F0E4A6F04AA3}
		{3FBA4CDB-22E4-4E62-B255-88A538C20E83} = {9D71ACE8-6B40-4EA6-86CB-D00759AFEE9D}
	EndGlobalSection
EndGlobal
