
Microsoft Visual Studio Solution File, Format Version 12.00
# Visual Studio 15
VisualStudioVersion = 15.0.26124.0
MinimumVisualStudioVersion = 15.0.26124.0
Project("{FAE04EC0-301F-11D3-BF4B-00C04F79EFBC}") = "Core", "Core\Core.csproj", "{921AAABB-11D1-4145-9B16-FC2930E7C360}"
EndProject
Project("{FAE04EC0-301F-11D3-BF4B-00C04F79EFBC}") = "Web", "Web\Web.csproj", "{1DCD6C99-9838-4460-A23A-71D1D4F6BB7C}"
EndProject
Project("{FAE04EC0-301F-11D3-BF4B-00C04F79EFBC}") = "IngestUtility", "IngestUtility\IngestUtility.csproj", "{7733CEED-3FE0-42FE-860C-2C25D2815DB4}"
EndProject
Project("{FAE04EC0-301F-11D3-BF4B-00C04F79EFBC}") = "IngestUtilityTests", "IngestUtilityTests\IngestUtilityTests.csproj", "{68B7B5DF-5B5D-4FC2-B6B4-ABEA24D19845}"
EndProject
Global
	GlobalSection(SolutionConfigurationPlatforms) = preSolution
		Debug|Any CPU = Debug|Any CPU
		Debug|x64 = Debug|x64
		Debug|x86 = Debug|x86
		Release|Any CPU = Release|Any CPU
		Release|x64 = Release|x64
		Release|x86 = Release|x86
	EndGlobalSection
	GlobalSection(SolutionProperties) = preSolution
		HideSolutionNode = FALSE
	EndGlobalSection
	GlobalSection(ProjectConfigurationPlatforms) = postSolution
		{921AAABB-11D1-4145-9B16-FC2930E7C360}.Debug|Any CPU.ActiveCfg = Debug|Any CPU
		{921AAABB-11D1-4145-9B16-FC2930E7C360}.Debug|Any CPU.Build.0 = Debug|Any CPU
		{921AAABB-11D1-4145-9B16-FC2930E7C360}.Debug|x64.ActiveCfg = Debug|Any CPU
		{921AAABB-11D1-4145-9B16-FC2930E7C360}.Debug|x64.Build.0 = Debug|Any CPU
		{921AAABB-11D1-4145-9B16-FC2930E7C360}.Debug|x86.ActiveCfg = Debug|Any CPU
		{921AAABB-11D1-4145-9B16-FC2930E7C360}.Debug|x86.Build.0 = Debug|Any CPU
		{921AAABB-11D1-4145-9B16-FC2930E7C360}.Release|Any CPU.ActiveCfg = Release|Any CPU
		{921AAABB-11D1-4145-9B16-FC2930E7C360}.Release|Any CPU.Build.0 = Release|Any CPU
		{921AAABB-11D1-4145-9B16-FC2930E7C360}.Release|x64.ActiveCfg = Release|Any CPU
		{921AAABB-11D1-4145-9B16-FC2930E7C360}.Release|x64.Build.0 = Release|Any CPU
		{921AAABB-11D1-4145-9B16-FC2930E7C360}.Release|x86.ActiveCfg = Release|Any CPU
		{921AAABB-11D1-4145-9B16-FC2930E7C360}.Release|x86.Build.0 = Release|Any CPU
		{1DCD6C99-9838-4460-A23A-71D1D4F6BB7C}.Debug|Any CPU.ActiveCfg = Debug|Any CPU
		{1DCD6C99-9838-4460-A23A-71D1D4F6BB7C}.Debug|Any CPU.Build.0 = Debug|Any CPU
		{1DCD6C99-9838-4460-A23A-71D1D4F6BB7C}.Debug|x64.ActiveCfg = Debug|Any CPU
		{1DCD6C99-9838-4460-A23A-71D1D4F6BB7C}.Debug|x64.Build.0 = Debug|Any CPU
		{1DCD6C99-9838-4460-A23A-71D1D4F6BB7C}.Debug|x86.ActiveCfg = Debug|Any CPU
		{1DCD6C99-9838-4460-A23A-71D1D4F6BB7C}.Debug|x86.Build.0 = Debug|Any CPU
		{1DCD6C99-9838-4460-A23A-71D1D4F6BB7C}.Release|Any CPU.ActiveCfg = Release|Any CPU
		{1DCD6C99-9838-4460-A23A-71D1D4F6BB7C}.Release|Any CPU.Build.0 = Release|Any CPU
		{1DCD6C99-9838-4460-A23A-71D1D4F6BB7C}.Release|x64.ActiveCfg = Release|Any CPU
		{1DCD6C99-9838-4460-A23A-71D1D4F6BB7C}.Release|x64.Build.0 = Release|Any CPU
		{1DCD6C99-9838-4460-A23A-71D1D4F6BB7C}.Release|x86.ActiveCfg = Release|Any CPU
		{1DCD6C99-9838-4460-A23A-71D1D4F6BB7C}.Release|x86.Build.0 = Release|Any CPU
		{7733CEED-3FE0-42FE-860C-2C25D2815DB4}.Debug|Any CPU.ActiveCfg = Debug|Any CPU
		{7733CEED-3FE0-42FE-860C-2C25D2815DB4}.Debug|Any CPU.Build.0 = Debug|Any CPU
		{7733CEED-3FE0-42FE-860C-2C25D2815DB4}.Debug|x64.ActiveCfg = Debug|Any CPU
		{7733CEED-3FE0-42FE-860C-2C25D2815DB4}.Debug|x64.Build.0 = Debug|Any CPU
		{7733CEED-3FE0-42FE-860C-2C25D2815DB4}.Debug|x86.ActiveCfg = Debug|Any CPU
		{7733CEED-3FE0-42FE-860C-2C25D2815DB4}.Debug|x86.Build.0 = Debug|Any CPU
		{7733CEED-3FE0-42FE-860C-2C25D2815DB4}.Release|Any CPU.ActiveCfg = Release|Any CPU
		{7733CEED-3FE0-42FE-860C-2C25D2815DB4}.Release|Any CPU.Build.0 = Release|Any CPU
		{7733CEED-3FE0-42FE-860C-2C25D2815DB4}.Release|x64.ActiveCfg = Release|Any CPU
		{7733CEED-3FE0-42FE-860C-2C25D2815DB4}.Release|x64.Build.0 = Release|Any CPU
		{7733CEED-3FE0-42FE-860C-2C25D2815DB4}.Release|x86.ActiveCfg = Release|Any CPU
		{7733CEED-3FE0-42FE-860C-2C25D2815DB4}.Release|x86.Build.0 = Release|Any CPU
		{68B7B5DF-5B5D-4FC2-B6B4-ABEA24D19845}.Debug|Any CPU.ActiveCfg = Debug|Any CPU
		{68B7B5DF-5B5D-4FC2-B6B4-ABEA24D19845}.Debug|Any CPU.Build.0 = Debug|Any CPU
		{68B7B5DF-5B5D-4FC2-B6B4-ABEA24D19845}.Debug|x64.ActiveCfg = Debug|Any CPU
		{68B7B5DF-5B5D-4FC2-B6B4-ABEA24D19845}.Debug|x64.Build.0 = Debug|Any CPU
		{68B7B5DF-5B5D-4FC2-B6B4-ABEA24D19845}.Debug|x86.ActiveCfg = Debug|Any CPU
		{68B7B5DF-5B5D-4FC2-B6B4-ABEA24D19845}.Debug|x86.Build.0 = Debug|Any CPU
		{68B7B5DF-5B5D-4FC2-B6B4-ABEA24D19845}.Release|Any CPU.ActiveCfg = Release|Any CPU
		{68B7B5DF-5B5D-4FC2-B6B4-ABEA24D19845}.Release|Any CPU.Build.0 = Release|Any CPU
		{68B7B5DF-5B5D-4FC2-B6B4-ABEA24D19845}.Release|x64.ActiveCfg = Release|Any CPU
		{68B7B5DF-5B5D-4FC2-B6B4-ABEA24D19845}.Release|x64.Build.0 = Release|Any CPU
		{68B7B5DF-5B5D-4FC2-B6B4-ABEA24D19845}.Release|x86.ActiveCfg = Release|Any CPU
		{68B7B5DF-5B5D-4FC2-B6B4-ABEA24D19845}.Release|x86.Build.0 = Release|Any CPU
	EndGlobalSection
EndGlobal
